// !$*UTF8*$!
{
	archiveVersion = 1;
	classes = {
	};
	objectVersion = 56;
	objects = {

/* Begin PBXBuildFile section */
		81293B402A59AD1C0035C40C /* ProcessInfo.swift in Sources */ = {isa = PBXBuildFile; fileRef = 81293B3F2A59AD1C0035C40C /* ProcessInfo.swift */; };
		81293B432A59B8A60035C40C /* ProcessManager.swift in Sources */ = {isa = PBXBuildFile; fileRef = 81293B422A59B8A60035C40C /* ProcessManager.swift */; };
		81293B452A59B93C0035C40C /* ProcessModel.swift in Sources */ = {isa = PBXBuildFile; fileRef = 81293B442A59B93C0035C40C /* ProcessModel.swift */; };
		81293B482A59C59C0035C40C /* ImageStatusModifier.swift in Sources */ = {isa = PBXBuildFile; fileRef = 81293B472A59C59C0035C40C /* ImageStatusModifier.swift */; };
		815042602A5C21E00059C0C0 /* NSOpenPanelExtension.swift in Sources */ = {isa = PBXBuildFile; fileRef = 8150425F2A5C21E00059C0C0 /* NSOpenPanelExtension.swift */; };
		81FE253D2A596CB900F4CC73 /* LaunchReplaysWoTApp.swift in Sources */ = {isa = PBXBuildFile; fileRef = 81FE253C2A596CB900F4CC73 /* LaunchReplaysWoTApp.swift */; };
		81FE253F2A596CB900F4CC73 /* ContentView.swift in Sources */ = {isa = PBXBuildFile; fileRef = 81FE253E2A596CB900F4CC73 /* ContentView.swift */; };
		81FE25412A596CBA00F4CC73 /* Assets.xcassets in Resources */ = {isa = PBXBuildFile; fileRef = 81FE25402A596CBA00F4CC73 /* Assets.xcassets */; };
		81FE25442A596CBA00F4CC73 /* Preview Assets.xcassets in Resources */ = {isa = PBXBuildFile; fileRef = 81FE25432A596CBA00F4CC73 /* Preview Assets.xcassets */; };
/* End PBXBuildFile section */

/* Begin PBXFileReference section */
		81293B3F2A59AD1C0035C40C /* ProcessInfo.swift */ = {isa = PBXFileReference; lastKnownFileType = sourcecode.swift; path = ProcessInfo.swift; sourceTree = "<group>"; };
		81293B422A59B8A60035C40C /* ProcessManager.swift */ = {isa = PBXFileReference; lastKnownFileType = sourcecode.swift; path = ProcessManager.swift; sourceTree = "<group>"; };
		81293B442A59B93C0035C40C /* ProcessModel.swift */ = {isa = PBXFileReference; lastKnownFileType = sourcecode.swift; path = ProcessModel.swift; sourceTree = "<group>"; };
		81293B472A59C59C0035C40C /* ImageStatusModifier.swift */ = {isa = PBXFileReference; lastKnownFileType = sourcecode.swift; path = ImageStatusModifier.swift; sourceTree = "<group>"; };
		8150425F2A5C21E00059C0C0 /* NSOpenPanelExtension.swift */ = {isa = PBXFileReference; lastKnownFileType = sourcecode.swift; path = NSOpenPanelExtension.swift; sourceTree = "<group>"; };
		81FE25392A596CB900F4CC73 /* LaunchReplaysWoT.app */ = {isa = PBXFileReference; explicitFileType = wrapper.application; includeInIndex = 0; path = LaunchReplaysWoT.app; sourceTree = BUILT_PRODUCTS_DIR; };
		81FE253C2A596CB900F4CC73 /* LaunchReplaysWoTApp.swift */ = {isa = PBXFileReference; lastKnownFileType = sourcecode.swift; path = LaunchReplaysWoTApp.swift; sourceTree = "<group>"; };
		81FE253E2A596CB900F4CC73 /* ContentView.swift */ = {isa = PBXFileReference; lastKnownFileType = sourcecode.swift; path = ContentView.swift; sourceTree = "<group>"; };
		81FE25402A596CBA00F4CC73 /* Assets.xcassets */ = {isa = PBXFileReference; lastKnownFileType = folder.assetcatalog; path = Assets.xcassets; sourceTree = "<group>"; };
		81FE25432A596CBA00F4CC73 /* Preview Assets.xcassets */ = {isa = PBXFileReference; lastKnownFileType = folder.assetcatalog; path = "Preview Assets.xcassets"; sourceTree = "<group>"; };
		81FE25452A596CBA00F4CC73 /* LaunchReplaysWoT.entitlements */ = {isa = PBXFileReference; lastKnownFileType = text.plist.entitlements; path = LaunchReplaysWoT.entitlements; sourceTree = "<group>"; };
/* End PBXFileReference section */

/* Begin PBXFrameworksBuildPhase section */
		81FE25362A596CB900F4CC73 /* Frameworks */ = {
			isa = PBXFrameworksBuildPhase;
			buildActionMask = 2147483647;
			files = (
			);
			runOnlyForDeploymentPostprocessing = 0;
		};
/* End PBXFrameworksBuildPhase section */

/* Begin PBXGroup section */
		81293B3E2A59AD0C0035C40C /* Model */ = {
			isa = PBXGroup;
			children = (
				81293B3F2A59AD1C0035C40C /* ProcessInfo.swift */,
				81293B442A59B93C0035C40C /* ProcessModel.swift */,
			);
			path = Model;
			sourceTree = "<group>";
		};
		81293B412A59B89B0035C40C /* Manager */ = {
			isa = PBXGroup;
			children = (
				81293B422A59B8A60035C40C /* ProcessManager.swift */,
			);
			path = Manager;
			sourceTree = "<group>";
		};
		81293B462A59C58A0035C40C /* Utils */ = {
			isa = PBXGroup;
			children = (
				81293B472A59C59C0035C40C /* ImageStatusModifier.swift */,
				8150425F2A5C21E00059C0C0 /* NSOpenPanelExtension.swift */,
			);
			path = Utils;
			sourceTree = "<group>";
		};
		81FE25302A596CB900F4CC73 = {
			isa = PBXGroup;
			children = (
				81FE253B2A596CB900F4CC73 /* LaunchReplaysWoT */,
				81FE253A2A596CB900F4CC73 /* Products */,
			);
			sourceTree = "<group>";
		};
		81FE253A2A596CB900F4CC73 /* Products */ = {
			isa = PBXGroup;
			children = (
				81FE25392A596CB900F4CC73 /* LaunchReplaysWoT.app */,
			);
			name = Products;
			sourceTree = "<group>";
		};
		81FE253B2A596CB900F4CC73 /* LaunchReplaysWoT */ = {
			isa = PBXGroup;
			children = (
				81293B462A59C58A0035C40C /* Utils */,
				81293B412A59B89B0035C40C /* Manager */,
				81293B3E2A59AD0C0035C40C /* Model */,
				81FE253C2A596CB900F4CC73 /* LaunchReplaysWoTApp.swift */,
				81FE253E2A596CB900F4CC73 /* ContentView.swift */,
				81FE25402A596CBA00F4CC73 /* Assets.xcassets */,
				81FE25452A596CBA00F4CC73 /* LaunchReplaysWoT.entitlements */,
				81FE25422A596CBA00F4CC73 /* Preview Content */,
			);
			path = LaunchReplaysWoT;
			sourceTree = "<group>";
		};
		81FE25422A596CBA00F4CC73 /* Preview Content */ = {
			isa = PBXGroup;
			children = (
				81FE25432A596CBA00F4CC73 /* Preview Assets.xcassets */,
			);
			path = "Preview Content";
			sourceTree = "<group>";
		};
/* End PBXGroup section */

/* Begin PBXNativeTarget section */
		81FE25382A596CB900F4CC73 /* LaunchReplaysWoT */ = {
			isa = PBXNativeTarget;
			buildConfigurationList = 81FE25482A596CBA00F4CC73 /* Build configuration list for PBXNativeTarget "LaunchReplaysWoT" */;
			buildPhases = (
				81FE25352A596CB900F4CC73 /* Sources */,
				81FE25362A596CB900F4CC73 /* Frameworks */,
				81FE25372A596CB900F4CC73 /* Resources */,
			);
			buildRules = (
			);
			dependencies = (
			);
			name = LaunchReplaysWoT;
			productName = LaunchReplaysWoT;
			productReference = 81FE25392A596CB900F4CC73 /* LaunchReplaysWoT.app */;
			productType = "com.apple.product-type.application";
		};
/* End PBXNativeTarget section */

/* Begin PBXProject section */
		81FE25312A596CB900F4CC73 /* Project object */ = {
			isa = PBXProject;
			attributes = {
				BuildIndependentTargetsInParallel = 1;
				LastSwiftUpdateCheck = 1430;
				LastUpgradeCheck = 1430;
				TargetAttributes = {
					81FE25382A596CB900F4CC73 = {
						CreatedOnToolsVersion = 14.3;
					};
				};
			};
			buildConfigurationList = 81FE25342A596CB900F4CC73 /* Build configuration list for PBXProject "LaunchReplaysWoT" */;
			compatibilityVersion = "Xcode 14.0";
			developmentRegion = en;
			hasScannedForEncodings = 0;
			knownRegions = (
				en,
				Base,
			);
			mainGroup = 81FE25302A596CB900F4CC73;
			productRefGroup = 81FE253A2A596CB900F4CC73 /* Products */;
			projectDirPath = "";
			projectRoot = "";
			targets = (
				81FE25382A596CB900F4CC73 /* LaunchReplaysWoT */,
			);
		};
/* End PBXProject section */

/* Begin PBXResourcesBuildPhase section */
		81FE25372A596CB900F4CC73 /* Resources */ = {
			isa = PBXResourcesBuildPhase;
			buildActionMask = 2147483647;
			files = (
				81FE25442A596CBA00F4CC73 /* Preview Assets.xcassets in Resources */,
				81FE25412A596CBA00F4CC73 /* Assets.xcassets in Resources */,
			);
			runOnlyForDeploymentPostprocessing = 0;
		};
/* End PBXResourcesBuildPhase section */

/* Begin PBXSourcesBuildPhase section */
		81FE25352A596CB900F4CC73 /* Sources */ = {
			isa = PBXSourcesBuildPhase;
			buildActionMask = 2147483647;
			files = (
				81293B402A59AD1C0035C40C /* ProcessInfo.swift in Sources */,
				815042602A5C21E00059C0C0 /* NSOpenPanelExtension.swift in Sources */,
				81293B432A59B8A60035C40C /* ProcessManager.swift in Sources */,
				81293B482A59C59C0035C40C /* ImageStatusModifier.swift in Sources */,
				81FE253F2A596CB900F4CC73 /* ContentView.swift in Sources */,
				81FE253D2A596CB900F4CC73 /* LaunchReplaysWoTApp.swift in Sources */,
				81293B452A59B93C0035C40C /* ProcessModel.swift in Sources */,
			);
			runOnlyForDeploymentPostprocessing = 0;
		};
/* End PBXSourcesBuildPhase section */

/* Begin XCBuildConfiguration section */
		81FE25462A596CBA00F4CC73 /* Debug */ = {
			isa = XCBuildConfiguration;
			buildSettings = {
				ALWAYS_SEARCH_USER_PATHS = NO;
				CLANG_ANALYZER_NONNULL = YES;
				CLANG_ANALYZER_NUMBER_OBJECT_CONVERSION = YES_AGGRESSIVE;
				CLANG_CXX_LANGUAGE_STANDARD = "gnu++20";
				CLANG_ENABLE_MODULES = YES;
				CLANG_ENABLE_OBJC_ARC = YES;
				CLANG_ENABLE_OBJC_WEAK = YES;
				CLANG_WARN_BLOCK_CAPTURE_AUTORELEASING = YES;
				CLANG_WARN_BOOL_CONVERSION = YES;
				CLANG_WARN_COMMA = YES;
				CLANG_WARN_CONSTANT_CONVERSION = YES;
				CLANG_WARN_DEPRECATED_OBJC_IMPLEMENTATIONS = YES;
				CLANG_WARN_DIRECT_OBJC_ISA_USAGE = YES_ERROR;
				CLANG_WARN_DOCUMENTATION_COMMENTS = YES;
				CLANG_WARN_EMPTY_BODY = YES;
				CLANG_WARN_ENUM_CONVERSION = YES;
				CLANG_WARN_INFINITE_RECURSION = YES;
				CLANG_WARN_INT_CONVERSION = YES;
				CLANG_WARN_NON_LITERAL_NULL_CONVERSION = YES;
				CLANG_WARN_OBJC_IMPLICIT_RETAIN_SELF = YES;
				CLANG_WARN_OBJC_LITERAL_CONVERSION = YES;
				CLANG_WARN_OBJC_ROOT_CLASS = YES_ERROR;
				CLANG_WARN_QUOTED_INCLUDE_IN_FRAMEWORK_HEADER = YES;
				CLANG_WARN_RANGE_LOOP_ANALYSIS = YES;
				CLANG_WARN_STRICT_PROTOTYPES = YES;
				CLANG_WARN_SUSPICIOUS_MOVE = YES;
				CLANG_WARN_UNGUARDED_AVAILABILITY = YES_AGGRESSIVE;
				CLANG_WARN_UNREACHABLE_CODE = YES;
				CLANG_WARN__DUPLICATE_METHOD_MATCH = YES;
				COPY_PHASE_STRIP = NO;
				DEBUG_INFORMATION_FORMAT = dwarf;
				ENABLE_STRICT_OBJC_MSGSEND = YES;
				ENABLE_TESTABILITY = YES;
				GCC_C_LANGUAGE_STANDARD = gnu11;
				GCC_DYNAMIC_NO_PIC = NO;
				GCC_NO_COMMON_BLOCKS = YES;
				GCC_OPTIMIZATION_LEVEL = 0;
				GCC_PREPROCESSOR_DEFINITIONS = (
					"DEBUG=1",
					"$(inherited)",
				);
				GCC_WARN_64_TO_32_BIT_CONVERSION = YES;
				GCC_WARN_ABOUT_RETURN_TYPE = YES_ERROR;
				GCC_WARN_UNDECLARED_SELECTOR = YES;
				GCC_WARN_UNINITIALIZED_AUTOS = YES_AGGRESSIVE;
				GCC_WARN_UNUSED_FUNCTION = YES;
				GCC_WARN_UNUSED_VARIABLE = YES;
				MACOSX_DEPLOYMENT_TARGET = 13.3;
				MTL_ENABLE_DEBUG_INFO = INCLUDE_SOURCE;
				MTL_FAST_MATH = YES;
				ONLY_ACTIVE_ARCH = YES;
				SDKROOT = macosx;
				SWIFT_ACTIVE_COMPILATION_CONDITIONS = DEBUG;
				SWIFT_OPTIMIZATION_LEVEL = "-Onone";
			};
			name = Debug;
		};
		81FE25472A596CBA00F4CC73 /* Release */ = {
			isa = XCBuildConfiguration;
			buildSettings = {
				ALWAYS_SEARCH_USER_PATHS = NO;
				CLANG_ANALYZER_NONNULL = YES;
				CLANG_ANALYZER_NUMBER_OBJECT_CONVERSION = YES_AGGRESSIVE;
				CLANG_CXX_LANGUAGE_STANDARD = "gnu++20";
				CLANG_ENABLE_MODULES = YES;
				CLANG_ENABLE_OBJC_ARC = YES;
				CLANG_ENABLE_OBJC_WEAK = YES;
				CLANG_WARN_BLOCK_CAPTURE_AUTORELEASING = YES;
				CLANG_WARN_BOOL_CONVERSION = YES;
				CLANG_WARN_COMMA = YES;
				CLANG_WARN_CONSTANT_CONVERSION = YES;
				CLANG_WARN_DEPRECATED_OBJC_IMPLEMENTATIONS = YES;
				CLANG_WARN_DIRECT_OBJC_ISA_USAGE = YES_ERROR;
				CLANG_WARN_DOCUMENTATION_COMMENTS = YES;
				CLANG_WARN_EMPTY_BODY = YES;
				CLANG_WARN_ENUM_CONVERSION = YES;
				CLANG_WARN_INFINITE_RECURSION = YES;
				CLANG_WARN_INT_CONVERSION = YES;
				CLANG_WARN_NON_LITERAL_NULL_CONVERSION = YES;
				CLANG_WARN_OBJC_IMPLICIT_RETAIN_SELF = YES;
				CLANG_WARN_OBJC_LITERAL_CONVERSION = YES;
				CLANG_WARN_OBJC_ROOT_CLASS = YES_ERROR;
				CLANG_WARN_QUOTED_INCLUDE_IN_FRAMEWORK_HEADER = YES;
				CLANG_WARN_RANGE_LOOP_ANALYSIS = YES;
				CLANG_WARN_STRICT_PROTOTYPES = YES;
				CLANG_WARN_SUSPICIOUS_MOVE = YES;
				CLANG_WARN_UNGUARDED_AVAILABILITY = YES_AGGRESSIVE;
				CLANG_WARN_UNREACHABLE_CODE = YES;
				CLANG_WARN__DUPLICATE_METHOD_MATCH = YES;
				COPY_PHASE_STRIP = NO;
				DEBUG_INFORMATION_FORMAT = "dwarf-with-dsym";
				ENABLE_NS_ASSERTIONS = NO;
				ENABLE_STRICT_OBJC_MSGSEND = YES;
				GCC_C_LANGUAGE_STANDARD = gnu11;
				GCC_NO_COMMON_BLOCKS = YES;
				GCC_WARN_64_TO_32_BIT_CONVERSION = YES;
				GCC_WARN_ABOUT_RETURN_TYPE = YES_ERROR;
				GCC_WARN_UNDECLARED_SELECTOR = YES;
				GCC_WARN_UNINITIALIZED_AUTOS = YES_AGGRESSIVE;
				GCC_WARN_UNUSED_FUNCTION = YES;
				GCC_WARN_UNUSED_VARIABLE = YES;
				MACOSX_DEPLOYMENT_TARGET = 13.3;
				MTL_ENABLE_DEBUG_INFO = NO;
				MTL_FAST_MATH = YES;
				SDKROOT = macosx;
				SWIFT_COMPILATION_MODE = wholemodule;
				SWIFT_OPTIMIZATION_LEVEL = "-O";
			};
			name = Release;
		};
		81FE25492A596CBA00F4CC73 /* Debug */ = {
			isa = XCBuildConfiguration;
			buildSettings = {
				ASSETCATALOG_COMPILER_APPICON_NAME = AppIcon;
				ASSETCATALOG_COMPILER_GLOBAL_ACCENT_COLOR_NAME = AccentColor;
				CODE_SIGN_ENTITLEMENTS = LaunchReplaysWoT/LaunchReplaysWoT.entitlements;
				CODE_SIGN_STYLE = Automatic;
				COMBINE_HIDPI_IMAGES = YES;
				CURRENT_PROJECT_VERSION = 1;
				DEVELOPMENT_ASSET_PATHS = "\"LaunchReplaysWoT/Preview Content\"";
				DEVELOPMENT_TEAM = 779ZAV257A;
				ENABLE_HARDENED_RUNTIME = YES;
				ENABLE_PREVIEWS = YES;
				GENERATE_INFOPLIST_FILE = YES;
				INFOPLIST_KEY_NSHumanReadableCopyright = "";
				LD_RUNPATH_SEARCH_PATHS = (
					"$(inherited)",
					"@executable_path/../Frameworks",
				);
				MARKETING_VERSION = 1.0;
				PRODUCT_BUNDLE_IDENTIFIER = com.ighost.LaunchReplaysWoT;
				PRODUCT_NAME = "$(TARGET_NAME)";
				SWIFT_EMIT_LOC_STRINGS = YES;
				SWIFT_VERSION = 5.0;
			};
			name = Debug;
		};
		81FE254A2A596CBA00F4CC73 /* Release */ = {
			isa = XCBuildConfiguration;
			buildSettings = {
				ASSETCATALOG_COMPILER_APPICON_NAME = AppIcon;
				ASSETCATALOG_COMPILER_GLOBAL_ACCENT_COLOR_NAME = AccentColor;
				CODE_SIGN_ENTITLEMENTS = LaunchReplaysWoT/LaunchReplaysWoT.entitlements;
				CODE_SIGN_STYLE = Automatic;
				COMBINE_HIDPI_IMAGES = YES;
				CURRENT_PROJECT_VERSION = 1;
				DEVELOPMENT_ASSET_PATHS = "\"LaunchReplaysWoT/Preview Content\"";
				DEVELOPMENT_TEAM = 779ZAV257A;
				ENABLE_HARDENED_RUNTIME = YES;
				ENABLE_PREVIEWS = YES;
				GENERATE_INFOPLIST_FILE = YES;
				INFOPLIST_KEY_NSHumanReadableCopyright = "";
				LD_RUNPATH_SEARCH_PATHS = (
					"$(inherited)",
					"@executable_path/../Frameworks",
				);
				MARKETING_VERSION = 1.0;
				PRODUCT_BUNDLE_IDENTIFIER = com.ighost.LaunchReplaysWoT;
				PRODUCT_NAME = "$(TARGET_NAME)";
				SWIFT_EMIT_LOC_STRINGS = YES;
				SWIFT_VERSION = 5.0;
			};
			name = Release;
		};
/* End XCBuildConfiguration section */

/* Begin XCConfigurationList section */
		81FE25342A596CB900F4CC73 /* Build configuration list for PBXProject "LaunchReplaysWoT" */ = {
			isa = XCConfigurationList;
			buildConfigurations = (
				81FE25462A596CBA00F4CC73 /* Debug */,
				81FE25472A596CBA00F4CC73 /* Release */,
			);
			defaultConfigurationIsVisible = 0;
			defaultConfigurationName = Release;
		};
		81FE25482A596CBA00F4CC73 /* Build configuration list for PBXNativeTarget "LaunchReplaysWoT" */ = {
			isa = XCConfigurationList;
			buildConfigurations = (
				81FE25492A596CBA00F4CC73 /* Debug */,
				81FE254A2A596CBA00F4CC73 /* Release */,
			);
			defaultConfigurationIsVisible = 0;
			defaultConfigurationName = Release;
		};
/* End XCConfigurationList section */
	};
	rootObject = 81FE25312A596CB900F4CC73 /* Project object */;
}
